
Microsoft Visual Studio Solution File, Format Version 12.00
Project("{FAE04EC0-301F-11D3-BF4B-00C04F79EFBC}") = "NoiseGenerator", "NoiseGenerator\NoiseGenerator.csproj", "{08EE5330-D5DA-4476-BE14-33DCBEB067C7}"
EndProject
Project("{FAE04EC0-301F-11D3-BF4B-00C04F79EFBC}") = "NoisePresentation", "NoisePresentation\NoisePresentation.csproj", "{B389BA5D-DBC1-4A73-90EC-C3582B95EEEB}"
EndProject
Global
	GlobalSection(SolutionConfigurationPlatforms) = preSolution
		Debug|Any CPU = Debug|Any CPU
		Release|Any CPU = Release|Any CPU
	EndGlobalSection
	GlobalSection(ProjectConfigurationPlatforms) = postSolution
		{08EE5330-D5DA-4476-BE14-33DCBEB067C7}.Debug|Any CPU.ActiveCfg = Debug|Any CPU
		{08EE5330-D5DA-4476-BE14-33DCBEB067C7}.Debug|Any CPU.Build.0 = Debug|Any CPU
		{08EE5330-D5DA-4476-BE14-33DCBEB067C7}.Release|Any CPU.ActiveCfg = Release|Any CPU
		{08EE5330-D5DA-4476-BE14-33DCBEB067C7}.Release|Any CPU.Build.0 = Release|Any CPU
		{B389BA5D-DBC1-4A73-90EC-C3582B95EEEB}.Debug|Any CPU.ActiveCfg = Debug|Any CPU
		{B389BA5D-DBC1-4A73-90EC-C3582B95EEEB}.Debug|Any CPU.Build.0 = Debug|Any CPU
		{B389BA5D-DBC1-4A73-90EC-C3582B95EEEB}.Release|Any CPU.ActiveCfg = Release|Any CPU
		{B389BA5D-DBC1-4A73-90EC-C3582B95EEEB}.Release|Any CPU.Build.0 = Release|Any CPU
	EndGlobalSection
EndGlobal
